// !$*UTF8*$!
{
	archiveVersion = 1;
	classes = {
	};
	objectVersion = 56;
	objects = {

/* Begin PBXBuildFile section */
		1A0000000000000000002001 /* OctantApp.swift in Sources */ = {isa = PBXBuildFile; fileRef = 1A0000000000000000001001 /* OctantApp.swift */; };
		1A0000000000000000002002 /* ContentView.swift in Sources */ = {isa = PBXBuildFile; fileRef = 1A0000000000000000001002 /* ContentView.swift */; };
		1A0000000000000000002003 /* GameModel.swift in Sources */ = {isa = PBXBuildFile; fileRef = 1A0000000000000000001003 /* GameModel.swift */; };
		1A0000000000000000002004 /* GameView.swift in Sources */ = {isa = PBXBuildFile; fileRef = 1A0000000000000000001004 /* GameView.swift */; };
		1A0000000000000000002005 /* SetupView.swift in Sources */ = {isa = PBXBuildFile; fileRef = 1A0000000000000000001005 /* SetupView.swift */; };
		1A0000000000000000002006 /* ResultsView.swift in Sources */ = {isa = PBXBuildFile; fileRef = 1A0000000000000000001006 /* ResultsView.swift */; };
		1A0000000000000000002007 /* Theme.swift in Sources */ = {isa = PBXBuildFile; fileRef = 1A0000000000000000001007 /* Theme.swift */; };
		1A0000000000000000002010 /* Networking.swift in Sources */ = {isa = PBXBuildFile; fileRef = 1A0000000000000000001010 /* Networking.swift */; };
		1A0000000000000000002011 /* MultiplayerModels.swift in Sources */ = {isa = PBXBuildFile; fileRef = 1A0000000000000000001011 /* MultiplayerModels.swift */; };
		1A0000000000000000002012 /* MultiplayerSession.swift in Sources */ = {isa = PBXBuildFile; fileRef = 1A0000000000000000001012 /* MultiplayerSession.swift */; };
		1A0000000000000000002013 /* MultiplayerDrivers.swift in Sources */ = {isa = PBXBuildFile; fileRef = 1A0000000000000000001013 /* MultiplayerDrivers.swift */; };
		1A0000000000000000002014 /* MainMenuView.swift in Sources */ = {isa = PBXBuildFile; fileRef = 1A0000000000000000001014 /* MainMenuView.swift */; };
		1A0000000000000000002015 /* LobbyView.swift in Sources */ = {isa = PBXBuildFile; fileRef = 1A0000000000000000001015 /* LobbyView.swift */; };
		1A0000000000000000002016 /* MultiplayerGameView.swift in Sources */ = {isa = PBXBuildFile; fileRef = 1A0000000000000000001016 /* MultiplayerGameView.swift */; };
		1A0000000000000000002017 /* MultiplayerResultsView.swift in Sources */ = {isa = PBXBuildFile; fileRef = 1A0000000000000000001017 /* MultiplayerResultsView.swift */; };
		1A0000000000000000002020 /* Sound.swift in Sources */ = {isa = PBXBuildFile; fileRef = 1A0000000000000000001020 /* Sound.swift */; };
		1A0000000000000000003001 /* Assets.xcassets in Resources */ = {isa = PBXBuildFile; fileRef = 1A0000000000000000001008 /* Assets.xcassets */; };
		1A0000000000000000003002 /* Preview Assets.xcassets in Resources */ = {isa = PBXBuildFile; fileRef = 1A0000000000000000001009 /* Preview Assets.xcassets */; };
		1B0000000000000000002001 /* OctantApp.swift in Sources */ = {isa = PBXBuildFile; fileRef = 1A0000000000000000001001 /* OctantApp.swift */; };
		1B0000000000000000002002 /* ContentView.swift in Sources */ = {isa = PBXBuildFile; fileRef = 1A0000000000000000001002 /* ContentView.swift */; };
		1B0000000000000000002003 /* GameModel.swift in Sources */ = {isa = PBXBuildFile; fileRef = 1A0000000000000000001003 /* GameModel.swift */; };
		1B0000000000000000002004 /* GameView.swift in Sources */ = {isa = PBXBuildFile; fileRef = 1A0000000000000000001004 /* GameView.swift */; };
		1B0000000000000000002005 /* SetupView.swift in Sources */ = {isa = PBXBuildFile; fileRef = 1A0000000000000000001005 /* SetupView.swift */; };
		1B0000000000000000002006 /* ResultsView.swift in Sources */ = {isa = PBXBuildFile; fileRef = 1A0000000000000000001006 /* ResultsView.swift */; };
		1B0000000000000000002007 /* Theme.swift in Sources */ = {isa = PBXBuildFile; fileRef = 1A0000000000000000001007 /* Theme.swift */; };
		1B0000000000000000002010 /* Networking.swift in Sources */ = {isa = PBXBuildFile; fileRef = 1A0000000000000000001010 /* Networking.swift */; };
		1B0000000000000000002011 /* MultiplayerModels.swift in Sources */ = {isa = PBXBuildFile; fileRef = 1A0000000000000000001011 /* MultiplayerModels.swift */; };
		1B0000000000000000002012 /* MultiplayerSession.swift in Sources */ = {isa = PBXBuildFile; fileRef = 1A0000000000000000001012 /* MultiplayerSession.swift */; };
		1B0000000000000000002013 /* MultiplayerDrivers.swift in Sources */ = {isa = PBXBuildFile; fileRef = 1A0000000000000000001013 /* MultiplayerDrivers.swift */; };
		1B0000000000000000002014 /* MainMenuView.swift in Sources */ = {isa = PBXBuildFile; fileRef = 1A0000000000000000001014 /* MainMenuView.swift */; };
		1B0000000000000000002015 /* LobbyView.swift in Sources */ = {isa = PBXBuildFile; fileRef = 1A0000000000000000001015 /* LobbyView.swift */; };
		1B0000000000000000002016 /* MultiplayerGameView.swift in Sources */ = {isa = PBXBuildFile; fileRef = 1A0000000000000000001016 /* MultiplayerGameView.swift */; };
		1B0000000000000000002017 /* MultiplayerResultsView.swift in Sources */ = {isa = PBXBuildFile; fileRef = 1A0000000000000000001017 /* MultiplayerResultsView.swift */; };
		1B0000000000000000002020 /* Sound.swift in Sources */ = {isa = PBXBuildFile; fileRef = 1A0000000000000000001020 /* Sound.swift */; };
		1B0000000000000000003001 /* Assets.xcassets in Resources */ = {isa = PBXBuildFile; fileRef = 1A0000000000000000001008 /* Assets.xcassets */; };
		1B0000000000000000003002 /* Preview Assets.xcassets in Resources */ = {isa = PBXBuildFile; fileRef = 1A0000000000000000001009 /* Preview Assets.xcassets */; };
		1B000000000000000000300A /* Localizable.xcstrings in Resources */ = {isa = PBXBuildFile; fileRef = A30E99092F9E00EF00B417CE /* Localizable.xcstrings */; };
		A30E990A2F9E00EF00B417CE /* Localizable.xcstrings in Resources */ = {isa = PBXBuildFile; fileRef = A30E99092F9E00EF00B417CE /* Localizable.xcstrings */; };
/* End PBXBuildFile section */

/* Begin PBXFileReference section */
		1A000000000000000000000F /* Octant.app */ = {isa = PBXFileReference; explicitFileType = wrapper.application; includeInIndex = 0; path = Octant.app; sourceTree = BUILT_PRODUCTS_DIR; };
		1A0000000000000000001001 /* OctantApp.swift */ = {isa = PBXFileReference; lastKnownFileType = sourcecode.swift; path = OctantApp.swift; sourceTree = "<group>"; };
		1A0000000000000000001002 /* ContentView.swift */ = {isa = PBXFileReference; lastKnownFileType = sourcecode.swift; path = ContentView.swift; sourceTree = "<group>"; };
		1A0000000000000000001003 /* GameModel.swift */ = {isa = PBXFileReference; lastKnownFileType = sourcecode.swift; path = GameModel.swift; sourceTree = "<group>"; };
		1A0000000000000000001004 /* GameView.swift */ = {isa = PBXFileReference; lastKnownFileType = sourcecode.swift; path = GameView.swift; sourceTree = "<group>"; };
		1A0000000000000000001005 /* SetupView.swift */ = {isa = PBXFileReference; lastKnownFileType = sourcecode.swift; path = SetupView.swift; sourceTree = "<group>"; };
		1A0000000000000000001006 /* ResultsView.swift */ = {isa = PBXFileReference; lastKnownFileType = sourcecode.swift; path = ResultsView.swift; sourceTree = "<group>"; };
		1A0000000000000000001007 /* Theme.swift */ = {isa = PBXFileReference; lastKnownFileType = sourcecode.swift; path = Theme.swift; sourceTree = "<group>"; };
		1A0000000000000000001008 /* Assets.xcassets */ = {isa = PBXFileReference; lastKnownFileType = folder.assetcatalog; path = Assets.xcassets; sourceTree = "<group>"; };
		1A0000000000000000001009 /* Preview Assets.xcassets */ = {isa = PBXFileReference; lastKnownFileType = folder.assetcatalog; path = "Preview Assets.xcassets"; sourceTree = "<group>"; };
		1A0000000000000000001010 /* Networking.swift */ = {isa = PBXFileReference; lastKnownFileType = sourcecode.swift; path = Networking.swift; sourceTree = "<group>"; };
		1A0000000000000000001011 /* MultiplayerModels.swift */ = {isa = PBXFileReference; lastKnownFileType = sourcecode.swift; path = MultiplayerModels.swift; sourceTree = "<group>"; };
		1A0000000000000000001012 /* MultiplayerSession.swift */ = {isa = PBXFileReference; lastKnownFileType = sourcecode.swift; path = MultiplayerSession.swift; sourceTree = "<group>"; };
		1A0000000000000000001013 /* MultiplayerDrivers.swift */ = {isa = PBXFileReference; lastKnownFileType = sourcecode.swift; path = MultiplayerDrivers.swift; sourceTree = "<group>"; };
		1A0000000000000000001014 /* MainMenuView.swift */ = {isa = PBXFileReference; lastKnownFileType = sourcecode.swift; path = MainMenuView.swift; sourceTree = "<group>"; };
		1A0000000000000000001015 /* LobbyView.swift */ = {isa = PBXFileReference; lastKnownFileType = sourcecode.swift; path = LobbyView.swift; sourceTree = "<group>"; };
		1A0000000000000000001016 /* MultiplayerGameView.swift */ = {isa = PBXFileReference; lastKnownFileType = sourcecode.swift; path = MultiplayerGameView.swift; sourceTree = "<group>"; };
		1A0000000000000000001017 /* MultiplayerResultsView.swift */ = {isa = PBXFileReference; lastKnownFileType = sourcecode.swift; path = MultiplayerResultsView.swift; sourceTree = "<group>"; };
		1A0000000000000000001018 /* Octant.entitlements */ = {isa = PBXFileReference; lastKnownFileType = text.plist.entitlements; path = Octant.entitlements; sourceTree = "<group>"; };
		1A0000000000000000001020 /* Sound.swift */ = {isa = PBXFileReference; lastKnownFileType = sourcecode.swift; path = Sound.swift; sourceTree = "<group>"; };
		1B000000000000000000000F /* Octant.app */ = {isa = PBXFileReference; explicitFileType = wrapper.application; includeInIndex = 0; path = Octant.app; sourceTree = BUILT_PRODUCTS_DIR; };
		A30E99092F9E00EF00B417CE /* Localizable.xcstrings */ = {isa = PBXFileReference; lastKnownFileType = text.json.xcstrings; path = Localizable.xcstrings; sourceTree = "<group>"; };
/* End PBXFileReference section */

/* Begin PBXFrameworksBuildPhase section */
		1A0000000000000000000008 /* Frameworks */ = {
			isa = PBXFrameworksBuildPhase;
			buildActionMask = 2147483647;
			files = (
			);
			runOnlyForDeploymentPostprocessing = 0;
		};
		1B0000000000000000000008 /* Frameworks */ = {
			isa = PBXFrameworksBuildPhase;
			buildActionMask = 2147483647;
			files = (
			);
			runOnlyForDeploymentPostprocessing = 0;
		};
/* End PBXFrameworksBuildPhase section */

/* Begin PBXGroup section */
		1A0000000000000000000002 = {
			isa = PBXGroup;
			children = (
				1A0000000000000000000003 /* Octant */,
				1A0000000000000000000004 /* Products */,
			);
			sourceTree = "<group>";
		};
		1A0000000000000000000003 /* Octant */ = {
			isa = PBXGroup;
			children = (
				1A0000000000000000001001 /* OctantApp.swift */,
				1A0000000000000000001002 /* ContentView.swift */,
				1A0000000000000000001003 /* GameModel.swift */,
				1A0000000000000000001014 /* MainMenuView.swift */,
				1A0000000000000000001005 /* SetupView.swift */,
				1A0000000000000000001004 /* GameView.swift */,
				1A0000000000000000001006 /* ResultsView.swift */,
				1A0000000000000000001011 /* MultiplayerModels.swift */,
				1A0000000000000000001012 /* MultiplayerSession.swift */,
				1A0000000000000000001013 /* MultiplayerDrivers.swift */,
				1A0000000000000000001010 /* Networking.swift */,
				1A0000000000000000001015 /* LobbyView.swift */,
				1A0000000000000000001016 /* MultiplayerGameView.swift */,
				1A0000000000000000001017 /* MultiplayerResultsView.swift */,
				1A0000000000000000001007 /* Theme.swift */,
				1A0000000000000000001020 /* Sound.swift */,
				A30E99092F9E00EF00B417CE /* Localizable.xcstrings */,
				1A0000000000000000001008 /* Assets.xcassets */,
				1A0000000000000000001018 /* Octant.entitlements */,
				1A0000000000000000000010 /* Preview Content */,
			);
			path = Octant;
			sourceTree = "<group>";
		};
		1A0000000000000000000004 /* Products */ = {
			isa = PBXGroup;
			children = (
				1A000000000000000000000F /* Octant.app */,
				1B000000000000000000000F /* Octant.app */,
			);
			name = Products;
			sourceTree = "<group>";
		};
		1A0000000000000000000010 /* Preview Content */ = {
			isa = PBXGroup;
			children = (
				1A0000000000000000001009 /* Preview Assets.xcassets */,
			);
			path = "Preview Content";
			sourceTree = "<group>";
		};
/* End PBXGroup section */

/* Begin PBXNativeTarget section */
		1A0000000000000000000005 /* Octant */ = {
			isa = PBXNativeTarget;
			buildConfigurationList = 1A0000000000000000000009 /* Build configuration list for PBXNativeTarget "Octant" */;
			buildPhases = (
				1A0000000000000000000006 /* Sources */,
				1A0000000000000000000007 /* Resources */,
				1A0000000000000000000008 /* Frameworks */,
			);
			buildRules = (
			);
			dependencies = (
			);
			name = Octant;
			productName = Octant;
			productReference = 1A000000000000000000000F /* Octant.app */;
			productType = "com.apple.product-type.application";
		};
		1B0000000000000000000005 /* Octant-tvOS */ = {
			isa = PBXNativeTarget;
			buildConfigurationList = 1B0000000000000000000009 /* Build configuration list for PBXNativeTarget "Octant-tvOS" */;
			buildPhases = (
				1B0000000000000000000006 /* Sources */,
				1B0000000000000000000007 /* Resources */,
				1B0000000000000000000008 /* Frameworks */,
			);
			buildRules = (
			);
			dependencies = (
			);
			name = "Octant-tvOS";
			productName = "Octant-tvOS";
			productReference = 1B000000000000000000000F /* Octant.app */;
			productType = "com.apple.product-type.application";
		};
/* End PBXNativeTarget section */

/* Begin PBXProject section */
		1A0000000000000000000001 /* Project object */ = {
			isa = PBXProject;
			attributes = {
				BuildIndependentTargetsInParallel = 1;
				LastSwiftUpdateCheck = 1500;
				LastUpgradeCheck = 1500;
				TargetAttributes = {
					1A0000000000000000000005 = {
						CreatedOnToolsVersion = 15.0;
					};
					1B0000000000000000000005 = {
						CreatedOnToolsVersion = 15.0;
					};
				};
			};
			buildConfigurationList = 1A000000000000000000000A /* Build configuration list for PBXProject "Octant" */;
			compatibilityVersion = "Xcode 14.0";
			developmentRegion = en;
			hasScannedForEncodings = 0;
			knownRegions = (
				en,
				fr,
				Base,
			);
			mainGroup = 1A0000000000000000000002;
			productRefGroup = 1A0000000000000000000004 /* Products */;
			projectDirPath = "";
			projectRoot = "";
			targets = (
				1A0000000000000000000005 /* Octant */,
				1B0000000000000000000005 /* Octant-tvOS */,
			);
		};
/* End PBXProject section */

/* Begin PBXResourcesBuildPhase section */
		1A0000000000000000000007 /* Resources */ = {
			isa = PBXResourcesBuildPhase;
			buildActionMask = 2147483647;
			files = (
				1A0000000000000000003002 /* Preview Assets.xcassets in Resources */,
				1A0000000000000000003001 /* Assets.xcassets in Resources */,
				A30E990A2F9E00EF00B417CE /* Localizable.xcstrings in Resources */,
			);
			runOnlyForDeploymentPostprocessing = 0;
		};
		1B0000000000000000000007 /* Resources */ = {
			isa = PBXResourcesBuildPhase;
			buildActionMask = 2147483647;
			files = (
				1B0000000000000000003002 /* Preview Assets.xcassets in Resources */,
				1B0000000000000000003001 /* Assets.xcassets in Resources */,
				1B000000000000000000300A /* Localizable.xcstrings in Resources */,
			);
			runOnlyForDeploymentPostprocessing = 0;
		};
/* End PBXResourcesBuildPhase section */

/* Begin PBXSourcesBuildPhase section */
		1A0000000000000000000006 /* Sources */ = {
			isa = PBXSourcesBuildPhase;
			buildActionMask = 2147483647;
			files = (
				1A0000000000000000002002 /* ContentView.swift in Sources */,
				1A0000000000000000002001 /* OctantApp.swift in Sources */,
				1A0000000000000000002003 /* GameModel.swift in Sources */,
				1A0000000000000000002014 /* MainMenuView.swift in Sources */,
				1A0000000000000000002005 /* SetupView.swift in Sources */,
				1A0000000000000000002004 /* GameView.swift in Sources */,
				1A0000000000000000002006 /* ResultsView.swift in Sources */,
				1A0000000000000000002011 /* MultiplayerModels.swift in Sources */,
				1A0000000000000000002012 /* MultiplayerSession.swift in Sources */,
				1A0000000000000000002013 /* MultiplayerDrivers.swift in Sources */,
				1A0000000000000000002010 /* Networking.swift in Sources */,
				1A0000000000000000002015 /* LobbyView.swift in Sources */,
				1A0000000000000000002016 /* MultiplayerGameView.swift in Sources */,
				1A0000000000000000002017 /* MultiplayerResultsView.swift in Sources */,
				1A0000000000000000002007 /* Theme.swift in Sources */,
				1A0000000000000000002020 /* Sound.swift in Sources */,
			);
			runOnlyForDeploymentPostprocessing = 0;
		};
		1B0000000000000000000006 /* Sources */ = {
			isa = PBXSourcesBuildPhase;
			buildActionMask = 2147483647;
			files = (
				1B0000000000000000002002 /* ContentView.swift in Sources */,
				1B0000000000000000002001 /* OctantApp.swift in Sources */,
				1B0000000000000000002003 /* GameModel.swift in Sources */,
				1B0000000000000000002014 /* MainMenuView.swift in Sources */,
				1B0000000000000000002005 /* SetupView.swift in Sources */,
				1B0000000000000000002004 /* GameView.swift in Sources */,
				1B0000000000000000002006 /* ResultsView.swift in Sources */,
				1B0000000000000000002011 /* MultiplayerModels.swift in Sources */,
				1B0000000000000000002012 /* MultiplayerSession.swift in Sources */,
				1B0000000000000000002013 /* MultiplayerDrivers.swift in Sources */,
				1B0000000000000000002010 /* Networking.swift in Sources */,
				1B0000000000000000002015 /* LobbyView.swift in Sources */,
				1B0000000000000000002016 /* MultiplayerGameView.swift in Sources */,
				1B0000000000000000002017 /* MultiplayerResultsView.swift in Sources */,
				1B0000000000000000002007 /* Theme.swift in Sources */,
				1B0000000000000000002020 /* Sound.swift in Sources */,
			);
			runOnlyForDeploymentPostprocessing = 0;
		};
/* End PBXSourcesBuildPhase section */

/* Begin XCBuildConfiguration section */
		1A000000000000000000000B /* Debug */ = {
			isa = XCBuildConfiguration;
			buildSettings = {
				ALWAYS_SEARCH_USER_PATHS = NO;
				ASSETCATALOG_COMPILER_GENERATE_SWIFT_ASSET_SYMBOL_EXTENSIONS = YES;
				CLANG_ANALYZER_NONNULL = YES;
				CLANG_ANALYZER_NUMBER_OBJECT_CONVERSION = YES_AGGRESSIVE;
				CLANG_CXX_LANGUAGE_STANDARD = "gnu++20";
				CLANG_ENABLE_MODULES = YES;
				CLANG_ENABLE_OBJC_ARC = YES;
				CLANG_ENABLE_OBJC_WEAK = YES;
				CLANG_WARN_BLOCK_CAPTURE_AUTORELEASING = YES;
				CLANG_WARN_BOOL_CONVERSION = YES;
				CLANG_WARN_COMMA = YES;
				CLANG_WARN_CONSTANT_CONVERSION = YES;
				CLANG_WARN_DEPRECATED_OBJC_IMPLEMENTATIONS = YES;
				CLANG_WARN_DIRECT_OBJC_ISA_USAGE = YES_ERROR;
				CLANG_WARN_DOCUMENTATION_COMMENTS = YES;
				CLANG_WARN_EMPTY_BODY = YES;
				CLANG_WARN_ENUM_CONVERSION = YES;
				CLANG_WARN_INFINITE_RECURSION = YES;
				CLANG_WARN_INT_CONVERSION = YES;
				CLANG_WARN_NON_LITERAL_NULL_CONVERSION = YES;
				CLANG_WARN_OBJC_IMPLICIT_RETAIN_SELF = YES;
				CLANG_WARN_OBJC_LITERAL_CONVERSION = YES;
				CLANG_WARN_OBJC_ROOT_CLASS = YES_ERROR;
				CLANG_WARN_QUOTED_INCLUDE_IN_FRAMEWORK_HEADER = YES;
				CLANG_WARN_RANGE_LOOP_ANALYSIS = YES;
				CLANG_WARN_STRICT_PROTOTYPES = YES;
				CLANG_WARN_SUSPICIOUS_MOVE = YES;
				CLANG_WARN_UNGUARDED_AVAILABILITY = YES_AGGRESSIVE;
				CLANG_WARN_UNREACHABLE_CODE = YES;
				CLANG_WARN__DUPLICATE_METHOD_MATCH = YES;
				COPY_PHASE_STRIP = NO;
				DEBUG_INFORMATION_FORMAT = dwarf;
				ENABLE_STRICT_OBJC_MSGSEND = YES;
				ENABLE_TESTABILITY = YES;
				ENABLE_USER_SCRIPT_SANDBOXING = YES;
				GCC_C_LANGUAGE_STANDARD = gnu17;
				GCC_DYNAMIC_NO_PIC = NO;
				GCC_NO_COMMON_BLOCKS = YES;
				GCC_OPTIMIZATION_LEVEL = 0;
				GCC_PREPROCESSOR_DEFINITIONS = (
					"DEBUG=1",
					"$(inherited)",
				);
				GCC_WARN_64_TO_32_BIT_CONVERSION = YES;
				GCC_WARN_ABOUT_RETURN_TYPE = YES_ERROR;
				GCC_WARN_UNDECLARED_SELECTOR = YES;
				GCC_WARN_UNINITIALIZED_AUTOS = YES_AGGRESSIVE;
				GCC_WARN_UNUSED_FUNCTION = YES;
				GCC_WARN_UNUSED_VARIABLE = YES;
				LOCALIZATION_PREFERS_STRING_CATALOGS = YES;
				MACOSX_DEPLOYMENT_TARGET = 14.0;
				MTL_ENABLE_DEBUG_INFO = INCLUDE_SOURCE;
				MTL_FAST_MATH = YES;
				ONLY_ACTIVE_ARCH = YES;
				SDKROOT = macosx;
				SWIFT_ACTIVE_COMPILATION_CONDITIONS = "DEBUG $(inherited)";
				SWIFT_OPTIMIZATION_LEVEL = "-Onone";
			};
			name = Debug;
		};
		1A000000000000000000000C /* Release */ = {
			isa = XCBuildConfiguration;
			buildSettings = {
				ALWAYS_SEARCH_USER_PATHS = NO;
				ASSETCATALOG_COMPILER_GENERATE_SWIFT_ASSET_SYMBOL_EXTENSIONS = YES;
				CLANG_ANALYZER_NONNULL = YES;
				CLANG_ANALYZER_NUMBER_OBJECT_CONVERSION = YES_AGGRESSIVE;
				CLANG_CXX_LANGUAGE_STANDARD = "gnu++20";
				CLANG_ENABLE_MODULES = YES;
				CLANG_ENABLE_OBJC_ARC = YES;
				CLANG_ENABLE_OBJC_WEAK = YES;
				CLANG_WARN_BLOCK_CAPTURE_AUTORELEASING = YES;
				CLANG_WARN_BOOL_CONVERSION = YES;
				CLANG_WARN_COMMA = YES;
				CLANG_WARN_CONSTANT_CONVERSION = YES;
				CLANG_WARN_DEPRECATED_OBJC_IMPLEMENTATIONS = YES;
				CLANG_WARN_DIRECT_OBJC_ISA_USAGE = YES_ERROR;
				CLANG_WARN_DOCUMENTATION_COMMENTS = YES;
				CLANG_WARN_EMPTY_BODY = YES;
				CLANG_WARN_ENUM_CONVERSION = YES;
				CLANG_WARN_INFINITE_RECURSION = YES;
				CLANG_WARN_INT_CONVERSION = YES;
				CLANG_WARN_NON_LITERAL_NULL_CONVERSION = YES;
				CLANG_WARN_OBJC_IMPLICIT_RETAIN_SELF = YES;
				CLANG_WARN_OBJC_LITERAL_CONVERSION = YES;
				CLANG_WARN_OBJC_ROOT_CLASS = YES_ERROR;
				CLANG_WARN_QUOTED_INCLUDE_IN_FRAMEWORK_HEADER = YES;
				CLANG_WARN_RANGE_LOOP_ANALYSIS = YES;
				CLANG_WARN_STRICT_PROTOTYPES = YES;
				CLANG_WARN_SUSPICIOUS_MOVE = YES;
				CLANG_WARN_UNGUARDED_AVAILABILITY = YES_AGGRESSIVE;
				CLANG_WARN_UNREACHABLE_CODE = YES;
				CLANG_WARN__DUPLICATE_METHOD_MATCH = YES;
				COPY_PHASE_STRIP = NO;
				DEBUG_INFORMATION_FORMAT = "dwarf-with-dsym";
				ENABLE_NS_ASSERTIONS = NO;
				ENABLE_STRICT_OBJC_MSGSEND = YES;
				ENABLE_USER_SCRIPT_SANDBOXING = YES;
				GCC_C_LANGUAGE_STANDARD = gnu17;
				GCC_NO_COMMON_BLOCKS = YES;
				GCC_WARN_64_TO_32_BIT_CONVERSION = YES;
				GCC_WARN_ABOUT_RETURN_TYPE = YES_ERROR;
				GCC_WARN_UNDECLARED_SELECTOR = YES;
				GCC_WARN_UNINITIALIZED_AUTOS = YES_AGGRESSIVE;
				GCC_WARN_UNUSED_FUNCTION = YES;
				GCC_WARN_UNUSED_VARIABLE = YES;
				LOCALIZATION_PREFERS_STRING_CATALOGS = YES;
				MACOSX_DEPLOYMENT_TARGET = 14.0;
				MTL_ENABLE_DEBUG_INFO = NO;
				MTL_FAST_MATH = YES;
				SDKROOT = macosx;
				SWIFT_COMPILATION_MODE = wholemodule;
			};
			name = Release;
		};
		1A000000000000000000000D /* Debug */ = {
			isa = XCBuildConfiguration;
			buildSettings = {
				ASSETCATALOG_COMPILER_APPICON_NAME = AppIcon;
				ASSETCATALOG_COMPILER_GLOBAL_ACCENT_COLOR_NAME = AccentColor;
				CODE_SIGN_ENTITLEMENTS = Octant/Octant.entitlements;
				CODE_SIGN_IDENTITY = "-";
				CODE_SIGN_STYLE = Automatic;
				COMBINE_HIDPI_IMAGES = YES;
				CURRENT_PROJECT_VERSION = 1;
				DEVELOPMENT_ASSET_PATHS = "\"Octant/Preview Content\"";
				ENABLE_HARDENED_RUNTIME = YES;
				ENABLE_PREVIEWS = YES;
				GENERATE_INFOPLIST_FILE = YES;
				INFOPLIST_KEY_LSApplicationCategoryType = "public.app-category.puzzle-games";
				INFOPLIST_KEY_NSBonjourServices = _octant._tcp;
				INFOPLIST_KEY_NSHumanReadableCopyright = "Original by Amaury Crocquefer (lapatatedouce59). macOS port by Douglas Carmichael (douglas-carmichael).";
				INFOPLIST_KEY_NSLocalNetworkUsageDescription = "Octant uses your local network to discover and connect to nearby Octant hosts via Bonjour.";
				LD_RUNPATH_SEARCH_PATHS = (
					"$(inherited)",
					"@executable_path/../Frameworks",
				);
				MARKETING_VERSION = 1.1;
				PRODUCT_BUNDLE_IDENTIFIER = net.dcarmichael.Octant;
				PRODUCT_NAME = "$(TARGET_NAME)";
				SWIFT_EMIT_LOC_STRINGS = YES;
				SWIFT_VERSION = 5.0;
			};
			name = Debug;
		};
		1A000000000000000000000E /* Release */ = {
			isa = XCBuildConfiguration;
			buildSettings = {
				ASSETCATALOG_COMPILER_APPICON_NAME = AppIcon;
				ASSETCATALOG_COMPILER_GLOBAL_ACCENT_COLOR_NAME = AccentColor;
				CODE_SIGN_ENTITLEMENTS = Octant/Octant.entitlements;
				CODE_SIGN_IDENTITY = "-";
				CODE_SIGN_STYLE = Automatic;
				COMBINE_HIDPI_IMAGES = YES;
				CURRENT_PROJECT_VERSION = 1;
				DEVELOPMENT_ASSET_PATHS = "\"Octant/Preview Content\"";
				ENABLE_HARDENED_RUNTIME = YES;
				ENABLE_PREVIEWS = YES;
				GENERATE_INFOPLIST_FILE = YES;
				INFOPLIST_KEY_LSApplicationCategoryType = "public.app-category.puzzle-games";
				INFOPLIST_KEY_NSBonjourServices = _octant._tcp;
				INFOPLIST_KEY_NSHumanReadableCopyright = "Original by Amaury Crocquefer (lapatatedouce59). macOS port by Douglas Carmichael (douglas-carmichael).";
				INFOPLIST_KEY_NSLocalNetworkUsageDescription = "Octant uses your local network to discover and connect to nearby Octant hosts via Bonjour.";
				LD_RUNPATH_SEARCH_PATHS = (
					"$(inherited)",
					"@executable_path/../Frameworks",
				);
				MARKETING_VERSION = 1.1;
				PRODUCT_BUNDLE_IDENTIFIER = net.dcarmichael.Octant;
				PRODUCT_NAME = "$(TARGET_NAME)";
				SWIFT_EMIT_LOC_STRINGS = YES;
				SWIFT_VERSION = 5.0;
			};
			name = Release;
		};
		1B000000000000000000000D /* Debug */ = {
			isa = XCBuildConfiguration;
			buildSettings = {
				ASSETCATALOG_COMPILER_APPICON_NAME = "App Icon & Top Shelf Image";
				ASSETCATALOG_COMPILER_GLOBAL_ACCENT_COLOR_NAME = AccentColor;
				CODE_SIGN_IDENTITY = "-";
				"CODE_SIGN_IDENTITY[sdk=appletvos*]" = "Apple Development";
				CODE_SIGN_STYLE = Automatic;
				CURRENT_PROJECT_VERSION = 1;
				DEVELOPMENT_ASSET_PATHS = "\"Octant/Preview Content\"";
				DEVELOPMENT_TEAM = 7VLPNC6E86;
				ENABLE_PREVIEWS = YES;
				GENERATE_INFOPLIST_FILE = YES;
				INFOPLIST_KEY_LSApplicationCategoryType = "public.app-category.games";
				INFOPLIST_KEY_NSBonjourServices = _octant._tcp;
				INFOPLIST_KEY_NSHumanReadableCopyright = "Original by Amaury Crocquefer (lapatatedouce59). tvOS port by Douglas Carmichael (douglas-carmichael).";
				INFOPLIST_KEY_NSLocalNetworkUsageDescription = "Octant uses your local network to discover and connect to nearby Octant hosts via Bonjour.";
				INFOPLIST_KEY_UILaunchScreen_Generation = YES;
				LD_RUNPATH_SEARCH_PATHS = (
					"$(inherited)",
					"@executable_path/Frameworks",
				);
				MARKETING_VERSION = 1.1;
				PRODUCT_BUNDLE_IDENTIFIER = net.dcarmichael.Octant.tvos;
				PRODUCT_NAME = Octant;
				SDKROOT = appletvos;
				SUPPORTED_PLATFORMS = "appletvos appletvsimulator";
				SWIFT_EMIT_LOC_STRINGS = YES;
				SWIFT_VERSION = 5.0;
				TARGETED_DEVICE_FAMILY = 3;
				TVOS_DEPLOYMENT_TARGET = 18.0;
			};
			name = Debug;
		};
		1B000000000000000000000E /* Release */ = {
			isa = XCBuildConfiguration;
			buildSettings = {
				ASSETCATALOG_COMPILER_APPICON_NAME = "App Icon & Top Shelf Image";
				ASSETCATALOG_COMPILER_GLOBAL_ACCENT_COLOR_NAME = AccentColor;
				CODE_SIGN_IDENTITY = "-";
				"CODE_SIGN_IDENTITY[sdk=appletvos*]" = "Apple Development";
				CODE_SIGN_STYLE = Automatic;
				CURRENT_PROJECT_VERSION = 1;
				DEVELOPMENT_ASSET_PATHS = "\"Octant/Preview Content\"";
				DEVELOPMENT_TEAM = 7VLPNC6E86;
				ENABLE_PREVIEWS = YES;
				GENERATE_INFOPLIST_FILE = YES;
				INFOPLIST_KEY_LSApplicationCategoryType = "public.app-category.games";
				INFOPLIST_KEY_NSBonjourServices = _octant._tcp;
				INFOPLIST_KEY_NSHumanReadableCopyright = "Original by Amaury Crocquefer (lapatatedouce59). tvOS port by Douglas Carmichael (douglas-carmichael).";
				INFOPLIST_KEY_NSLocalNetworkUsageDescription = "Octant uses your local network to discover and connect to nearby Octant hosts via Bonjour.";
				INFOPLIST_KEY_UILaunchScreen_Generation = YES;
				LD_RUNPATH_SEARCH_PATHS = (
					"$(inherited)",
					"@executable_path/Frameworks",
				);
				MARKETING_VERSION = 1.1;
				PRODUCT_BUNDLE_IDENTIFIER = net.dcarmichael.Octant.tvos;
				PRODUCT_NAME = Octant;
				SDKROOT = appletvos;
				SUPPORTED_PLATFORMS = "appletvos appletvsimulator";
				SWIFT_EMIT_LOC_STRINGS = YES;
				SWIFT_VERSION = 5.0;
				TARGETED_DEVICE_FAMILY = 3;
				TVOS_DEPLOYMENT_TARGET = 18.0;
			};
			name = Release;
		};
/* End XCBuildConfiguration section */

/* Begin XCConfigurationList section */
		1A0000000000000000000009 /* Build configuration list for PBXNativeTarget "Octant" */ = {
			isa = XCConfigurationList;
			buildConfigurations = (
				1A000000000000000000000D /* Debug */,
				1A000000000000000000000E /* Release */,
			);
			defaultConfigurationIsVisible = 0;
			defaultConfigurationName = Release;
		};
		1A000000000000000000000A /* Build configuration list for PBXProject "Octant" */ = {
			isa = XCConfigurationList;
			buildConfigurations = (
				1A000000000000000000000B /* Debug */,
				1A000000000000000000000C /* Release */,
			);
			defaultConfigurationIsVisible = 0;
			defaultConfigurationName = Release;
		};
		1B0000000000000000000009 /* Build configuration list for PBXNativeTarget "Octant-tvOS" */ = {
			isa = XCConfigurationList;
			buildConfigurations = (
				1B000000000000000000000D /* Debug */,
				1B000000000000000000000E /* Release */,
			);
			defaultConfigurationIsVisible = 0;
			defaultConfigurationName = Release;
		};
/* End XCConfigurationList section */
	};
	rootObject = 1A0000000000000000000001 /* Project object */;
}
